// !$*UTF8*$!
{
	archiveVersion = 1;
	classes = {
	};
	objectVersion = 48;
	objects = {

/* Begin PBXBuildFile section */
		2E0592AD1F9A3EEE00B2C4AB /* AppDelegate.swift in Sources */ = {isa = PBXBuildFile; fileRef = 2E0592AC1F9A3EEE00B2C4AB /* AppDelegate.swift */; };
		2E0592B21F9A3EEE00B2C4AB /* Main.storyboard in Resources */ = {isa = PBXBuildFile; fileRef = 2E0592B01F9A3EEE00B2C4AB /* Main.storyboard */; };
		2E0592B41F9A3EEE00B2C4AB /* Assets.xcassets in Resources */ = {isa = PBXBuildFile; fileRef = 2E0592B31F9A3EEE00B2C4AB /* Assets.xcassets */; };
		2E0592B71F9A3EEE00B2C4AB /* LaunchScreen.storyboard in Resources */ = {isa = PBXBuildFile; fileRef = 2E0592B51F9A3EEE00B2C4AB /* LaunchScreen.storyboard */; };
		2E0592C21F9A3EEE00B2C4AB /* TestUsersTests.swift in Sources */ = {isa = PBXBuildFile; fileRef = 2E0592C11F9A3EEE00B2C4AB /* TestUsersTests.swift */; };
		2E0592CD1F9A3EEE00B2C4AB /* TestUsersUITests.swift in Sources */ = {isa = PBXBuildFile; fileRef = 2E0592CC1F9A3EEE00B2C4AB /* TestUsersUITests.swift */; };
		2E0633BC1F9F2FB0002857FC /* UserPageViewController.swift in Sources */ = {isa = PBXBuildFile; fileRef = 2E0633BB1F9F2FB0002857FC /* UserPageViewController.swift */; };
		2E0633BE1F9F3352002857FC /* IndexCollectionViewController.swift in Sources */ = {isa = PBXBuildFile; fileRef = 2E0633BD1F9F3352002857FC /* IndexCollectionViewController.swift */; };
		2E0633C11F9F3ABE002857FC /* UserCollectionViewCell.swift in Sources */ = {isa = PBXBuildFile; fileRef = 2E0633BF1F9F3ABE002857FC /* UserCollectionViewCell.swift */; };
		2E0633C21F9F3ABE002857FC /* UserCollectionViewCell.xib in Resources */ = {isa = PBXBuildFile; fileRef = 2E0633C01F9F3ABE002857FC /* UserCollectionViewCell.xib */; };
		2E0633C41F9F4B27002857FC /* User.swift in Sources */ = {isa = PBXBuildFile; fileRef = 2E0633C31F9F4B27002857FC /* User.swift */; };
		2E0633C61F9F4E70002857FC /* Constants.swift in Sources */ = {isa = PBXBuildFile; fileRef = 2E0633C51F9F4E70002857FC /* Constants.swift */; };
		2E0633C81F9F66F0002857FC /* APIManager.swift in Sources */ = {isa = PBXBuildFile; fileRef = 2E0633C71F9F66F0002857FC /* APIManager.swift */; };
		2E0633CA1F9F6D10002857FC /* String+Extensions.swift in Sources */ = {isa = PBXBuildFile; fileRef = 2E0633C91F9F6D10002857FC /* String+Extensions.swift */; };
		2E0633CC1F9F7268002857FC /* ImageView+Extensions.swift in Sources */ = {isa = PBXBuildFile; fileRef = 2E0633CB1F9F7268002857FC /* ImageView+Extensions.swift */; };
/* End PBXBuildFile section */

/* Begin PBXContainerItemProxy section */
		2E0592BE1F9A3EEE00B2C4AB /* PBXContainerItemProxy */ = {
			isa = PBXContainerItemProxy;
			containerPortal = 2E0592A11F9A3EEE00B2C4AB /* Project object */;
			proxyType = 1;
			remoteGlobalIDString = 2E0592A81F9A3EEE00B2C4AB;
			remoteInfo = TestUsers;
		};
		2E0592C91F9A3EEE00B2C4AB /* PBXContainerItemProxy */ = {
			isa = PBXContainerItemProxy;
			containerPortal = 2E0592A11F9A3EEE00B2C4AB /* Project object */;
			proxyType = 1;
			remoteGlobalIDString = 2E0592A81F9A3EEE00B2C4AB;
			remoteInfo = TestUsers;
		};
/* End PBXContainerItemProxy section */

/* Begin PBXFileReference section */
		2E0592A91F9A3EEE00B2C4AB /* TestUsers.app */ = {isa = PBXFileReference; explicitFileType = wrapper.application; includeInIndex = 0; path = TestUsers.app; sourceTree = BUILT_PRODUCTS_DIR; };
		2E0592AC1F9A3EEE00B2C4AB /* AppDelegate.swift */ = {isa = PBXFileReference; lastKnownFileType = sourcecode.swift; path = AppDelegate.swift; sourceTree = "<group>"; };
		2E0592B11F9A3EEE00B2C4AB /* Base */ = {isa = PBXFileReference; lastKnownFileType = file.storyboard; name = Base; path = Base.lproj/Main.storyboard; sourceTree = "<group>"; };
		2E0592B31F9A3EEE00B2C4AB /* Assets.xcassets */ = {isa = PBXFileReference; lastKnownFileType = folder.assetcatalog; path = Assets.xcassets; sourceTree = "<group>"; };
		2E0592B61F9A3EEE00B2C4AB /* Base */ = {isa = PBXFileReference; lastKnownFileType = file.storyboard; name = Base; path = Base.lproj/LaunchScreen.storyboard; sourceTree = "<group>"; };
		2E0592B81F9A3EEE00B2C4AB /* Info.plist */ = {isa = PBXFileReference; lastKnownFileType = text.plist.xml; path = Info.plist; sourceTree = "<group>"; };
		2E0592BD1F9A3EEE00B2C4AB /* TestUsersTests.xctest */ = {isa = PBXFileReference; explicitFileType = wrapper.cfbundle; includeInIndex = 0; path = TestUsersTests.xctest; sourceTree = BUILT_PRODUCTS_DIR; };
		2E0592C11F9A3EEE00B2C4AB /* TestUsersTests.swift */ = {isa = PBXFileReference; lastKnownFileType = sourcecode.swift; path = TestUsersTests.swift; sourceTree = "<group>"; };
		2E0592C31F9A3EEE00B2C4AB /* Info.plist */ = {isa = PBXFileReference; lastKnownFileType = text.plist.xml; path = Info.plist; sourceTree = "<group>"; };
		2E0592C81F9A3EEE00B2C4AB /* TestUsersUITests.xctest */ = {isa = PBXFileReference; explicitFileType = wrapper.cfbundle; includeInIndex = 0; path = TestUsersUITests.xctest; sourceTree = BUILT_PRODUCTS_DIR; };
		2E0592CC1F9A3EEE00B2C4AB /* TestUsersUITests.swift */ = {isa = PBXFileReference; lastKnownFileType = sourcecode.swift; path = TestUsersUITests.swift; sourceTree = "<group>"; };
		2E0592CE1F9A3EEE00B2C4AB /* Info.plist */ = {isa = PBXFileReference; lastKnownFileType = text.plist.xml; path = Info.plist; sourceTree = "<group>"; };
		2E0633BB1F9F2FB0002857FC /* UserPageViewController.swift */ = {isa = PBXFileReference; lastKnownFileType = sourcecode.swift; path = UserPageViewController.swift; sourceTree = "<group>"; };
		2E0633BD1F9F3352002857FC /* IndexCollectionViewController.swift */ = {isa = PBXFileReference; lastKnownFileType = sourcecode.swift; path = IndexCollectionViewController.swift; sourceTree = "<group>"; };
		2E0633BF1F9F3ABE002857FC /* UserCollectionViewCell.swift */ = {isa = PBXFileReference; lastKnownFileType = sourcecode.swift; path = UserCollectionViewCell.swift; sourceTree = "<group>"; };
		2E0633C01F9F3ABE002857FC /* UserCollectionViewCell.xib */ = {isa = PBXFileReference; lastKnownFileType = file.xib; path = UserCollectionViewCell.xib; sourceTree = "<group>"; };
		2E0633C31F9F4B27002857FC /* User.swift */ = {isa = PBXFileReference; lastKnownFileType = sourcecode.swift; path = User.swift; sourceTree = "<group>"; };
		2E0633C51F9F4E70002857FC /* Constants.swift */ = {isa = PBXFileReference; lastKnownFileType = sourcecode.swift; path = Constants.swift; sourceTree = "<group>"; };
		2E0633C71F9F66F0002857FC /* APIManager.swift */ = {isa = PBXFileReference; lastKnownFileType = sourcecode.swift; path = APIManager.swift; sourceTree = "<group>"; };
		2E0633C91F9F6D10002857FC /* String+Extensions.swift */ = {isa = PBXFileReference; lastKnownFileType = sourcecode.swift; path = "String+Extensions.swift"; sourceTree = "<group>"; };
		2E0633CB1F9F7268002857FC /* ImageView+Extensions.swift */ = {isa = PBXFileReference; lastKnownFileType = sourcecode.swift; path = "ImageView+Extensions.swift"; sourceTree = "<group>"; };
/* End PBXFileReference section */

/* Begin PBXFrameworksBuildPhase section */
		2E0592A61F9A3EEE00B2C4AB /* Frameworks */ = {
			isa = PBXFrameworksBuildPhase;
			buildActionMask = 2147483647;
			files = (
			);
			runOnlyForDeploymentPostprocessing = 0;
		};
		2E0592BA1F9A3EEE00B2C4AB /* Frameworks */ = {
			isa = PBXFrameworksBuildPhase;
			buildActionMask = 2147483647;
			files = (
			);
			runOnlyForDeploymentPostprocessing = 0;
		};
		2E0592C51F9A3EEE00B2C4AB /* Frameworks */ = {
			isa = PBXFrameworksBuildPhase;
			buildActionMask = 2147483647;
			files = (
			);
			runOnlyForDeploymentPostprocessing = 0;
		};
/* End PBXFrameworksBuildPhase section */

/* Begin PBXGroup section */
		2E0592A01F9A3EEE00B2C4AB = {
			isa = PBXGroup;
			children = (
				2E0592AB1F9A3EEE00B2C4AB /* TestUsers */,
				2E0592C01F9A3EEE00B2C4AB /* TestUsersTests */,
				2E0592CB1F9A3EEE00B2C4AB /* TestUsersUITests */,
				2E0592AA1F9A3EEE00B2C4AB /* Products */,
			);
			sourceTree = "<group>";
		};
		2E0592AA1F9A3EEE00B2C4AB /* Products */ = {
			isa = PBXGroup;
			children = (
				2E0592A91F9A3EEE00B2C4AB /* TestUsers.app */,
				2E0592BD1F9A3EEE00B2C4AB /* TestUsersTests.xctest */,
				2E0592C81F9A3EEE00B2C4AB /* TestUsersUITests.xctest */,
			);
			name = Products;
			sourceTree = "<group>";
		};
		2E0592AB1F9A3EEE00B2C4AB /* TestUsers */ = {
			isa = PBXGroup;
			children = (
				2E0592AC1F9A3EEE00B2C4AB /* AppDelegate.swift */,
				2E0633BD1F9F3352002857FC /* IndexCollectionViewController.swift */,
				2E0633BB1F9F2FB0002857FC /* UserPageViewController.swift */,
				2E0592B01F9A3EEE00B2C4AB /* Main.storyboard */,
				2E0592B31F9A3EEE00B2C4AB /* Assets.xcassets */,
				2E0592B51F9A3EEE00B2C4AB /* LaunchScreen.storyboard */,
				2E0592B81F9A3EEE00B2C4AB /* Info.plist */,
				2E0633BF1F9F3ABE002857FC /* UserCollectionViewCell.swift */,
				2E0633C01F9F3ABE002857FC /* UserCollectionViewCell.xib */,
				2E0633C31F9F4B27002857FC /* User.swift */,
				2E0633C51F9F4E70002857FC /* Constants.swift */,
				2E0633C71F9F66F0002857FC /* APIManager.swift */,
				2E0633C91F9F6D10002857FC /* String+Extensions.swift */,
				2E0633CB1F9F7268002857FC /* ImageView+Extensions.swift */,
			);
			path = TestUsers;
			sourceTree = "<group>";
		};
		2E0592C01F9A3EEE00B2C4AB /* TestUsersTests */ = {
			isa = PBXGroup;
			children = (
				2E0592C11F9A3EEE00B2C4AB /* TestUsersTests.swift */,
				2E0592C31F9A3EEE00B2C4AB /* Info.plist */,
			);
			path = TestUsersTests;
			sourceTree = "<group>";
		};
		2E0592CB1F9A3EEE00B2C4AB /* TestUsersUITests */ = {
			isa = PBXGroup;
			children = (
				2E0592CC1F9A3EEE00B2C4AB /* TestUsersUITests.swift */,
				2E0592CE1F9A3EEE00B2C4AB /* Info.plist */,
			);
			path = TestUsersUITests;
			sourceTree = "<group>";
		};
/* End PBXGroup section */

/* Begin PBXNativeTarget section */
		2E0592A81F9A3EEE00B2C4AB /* TestUsers */ = {
			isa = PBXNativeTarget;
			buildConfigurationList = 2E0592D11F9A3EEE00B2C4AB /* Build configuration list for PBXNativeTarget "TestUsers" */;
			buildPhases = (
				2E0592A51F9A3EEE00B2C4AB /* Sources */,
				2E0592A61F9A3EEE00B2C4AB /* Frameworks */,
				2E0592A71F9A3EEE00B2C4AB /* Resources */,
			);
			buildRules = (
			);
			dependencies = (
			);
			name = TestUsers;
			productName = TestUsers;
			productReference = 2E0592A91F9A3EEE00B2C4AB /* TestUsers.app */;
			productType = "com.apple.product-type.application";
		};
		2E0592BC1F9A3EEE00B2C4AB /* TestUsersTests */ = {
			isa = PBXNativeTarget;
			buildConfigurationList = 2E0592D41F9A3EEE00B2C4AB /* Build configuration list for PBXNativeTarget "TestUsersTests" */;
			buildPhases = (
				2E0592B91F9A3EEE00B2C4AB /* Sources */,
				2E0592BA1F9A3EEE00B2C4AB /* Frameworks */,
				2E0592BB1F9A3EEE00B2C4AB /* Resources */,
			);
			buildRules = (
			);
			dependencies = (
				2E0592BF1F9A3EEE00B2C4AB /* PBXTargetDependency */,
			);
			name = TestUsersTests;
			productName = TestUsersTests;
			productReference = 2E0592BD1F9A3EEE00B2C4AB /* TestUsersTests.xctest */;
			productType = "com.apple.product-type.bundle.unit-test";
		};
		2E0592C71F9A3EEE00B2C4AB /* TestUsersUITests */ = {
			isa = PBXNativeTarget;
			buildConfigurationList = 2E0592D71F9A3EEE00B2C4AB /* Build configuration list for PBXNativeTarget "TestUsersUITests" */;
			buildPhases = (
				2E0592C41F9A3EEE00B2C4AB /* Sources */,
				2E0592C51F9A3EEE00B2C4AB /* Frameworks */,
				2E0592C61F9A3EEE00B2C4AB /* Resources */,
			);
			buildRules = (
			);
			dependencies = (
				2E0592CA1F9A3EEE00B2C4AB /* PBXTargetDependency */,
			);
			name = TestUsersUITests;
			productName = TestUsersUITests;
			productReference = 2E0592C81F9A3EEE00B2C4AB /* TestUsersUITests.xctest */;
			productType = "com.apple.product-type.bundle.ui-testing";
		};
/* End PBXNativeTarget section */

/* Begin PBXProject section */
		2E0592A11F9A3EEE00B2C4AB /* Project object */ = {
			isa = PBXProject;
			attributes = {
				LastSwiftUpdateCheck = 0900;
				LastUpgradeCheck = 0900;
				ORGANIZATIONNAME = georgiana;
				TargetAttributes = {
					2E0592A81F9A3EEE00B2C4AB = {
						CreatedOnToolsVersion = 9.0.1;
						ProvisioningStyle = Automatic;
					};
					2E0592BC1F9A3EEE00B2C4AB = {
						CreatedOnToolsVersion = 9.0.1;
						ProvisioningStyle = Automatic;
						TestTargetID = 2E0592A81F9A3EEE00B2C4AB;
					};
					2E0592C71F9A3EEE00B2C4AB = {
						CreatedOnToolsVersion = 9.0.1;
						ProvisioningStyle = Automatic;
						TestTargetID = 2E0592A81F9A3EEE00B2C4AB;
					};
				};
			};
			buildConfigurationList = 2E0592A41F9A3EEE00B2C4AB /* Build configuration list for PBXProject "TestUsers" */;
			compatibilityVersion = "Xcode 8.0";
			developmentRegion = en;
			hasScannedForEncodings = 0;
			knownRegions = (
				en,
				Base,
			);
			mainGroup = 2E0592A01F9A3EEE00B2C4AB;
			productRefGroup = 2E0592AA1F9A3EEE00B2C4AB /* Products */;
			projectDirPath = "";
			projectRoot = "";
			targets = (
				2E0592A81F9A3EEE00B2C4AB /* TestUsers */,
				2E0592BC1F9A3EEE00B2C4AB /* TestUsersTests */,
				2E0592C71F9A3EEE00B2C4AB /* TestUsersUITests */,
			);
		};
/* End PBXProject section */

/* Begin PBXResourcesBuildPhase section */
		2E0592A71F9A3EEE00B2C4AB /* Resources */ = {
			isa = PBXResourcesBuildPhase;
			buildActionMask = 2147483647;
			files = (
				2E0592B71F9A3EEE00B2C4AB /* LaunchScreen.storyboard in Resources */,
				2E0633C21F9F3ABE002857FC /* UserCollectionViewCell.xib in Resources */,
				2E0592B41F9A3EEE00B2C4AB /* Assets.xcassets in Resources */,
				2E0592B21F9A3EEE00B2C4AB /* Main.storyboard in Resources */,
			);
			runOnlyForDeploymentPostprocessing = 0;
		};
		2E0592BB1F9A3EEE00B2C4AB /* Resources */ = {
			isa = PBXResourcesBuildPhase;
			buildActionMask = 2147483647;
			files = (
			);
			runOnlyForDeploymentPostprocessing = 0;
		};
		2E0592C61F9A3EEE00B2C4AB /* Resources */ = {
			isa = PBXResourcesBuildPhase;
			buildActionMask = 2147483647;
			files = (
			);
			runOnlyForDeploymentPostprocessing = 0;
		};
/* End PBXResourcesBuildPhase section */

/* Begin PBXSourcesBuildPhase section */
		2E0592A51F9A3EEE00B2C4AB /* Sources */ = {
			isa = PBXSourcesBuildPhase;
			buildActionMask = 2147483647;
			files = (
				2E0633BC1F9F2FB0002857FC /* UserPageViewController.swift in Sources */,
				2E0633CC1F9F7268002857FC /* ImageView+Extensions.swift in Sources */,
				2E0633C11F9F3ABE002857FC /* UserCollectionViewCell.swift in Sources */,
				2E0592AD1F9A3EEE00B2C4AB /* AppDelegate.swift in Sources */,
				2E0633C41F9F4B27002857FC /* User.swift in Sources */,
				2E0633CA1F9F6D10002857FC /* String+Extensions.swift in Sources */,
				2E0633BE1F9F3352002857FC /* IndexCollectionViewController.swift in Sources */,
				2E0633C61F9F4E70002857FC /* Constants.swift in Sources */,
				2E0633C81F9F66F0002857FC /* APIManager.swift in Sources */,
			);
			runOnlyForDeploymentPostprocessing = 0;
		};
		2E0592B91F9A3EEE00B2C4AB /* Sources */ = {
			isa = PBXSourcesBuildPhase;
			buildActionMask = 2147483647;
			files = (
				2E0592C21F9A3EEE00B2C4AB /* TestUsersTests.swift in Sources */,
			);
			runOnlyForDeploymentPostprocessing = 0;
		};
		2E0592C41F9A3EEE00B2C4AB /* Sources */ = {
			isa = PBXSourcesBuildPhase;
			buildActionMask = 2147483647;
			files = (
				2E0592CD1F9A3EEE00B2C4AB /* TestUsersUITests.swift in Sources */,
			);
			runOnlyForDeploymentPostprocessing = 0;
		};
/* End PBXSourcesBuildPhase section */

/* Begin PBXTargetDependency section */
		2E0592BF1F9A3EEE00B2C4AB /* PBXTargetDependency */ = {
			isa = PBXTargetDependency;
			target = 2E0592A81F9A3EEE00B2C4AB /* TestUsers */;
			targetProxy = 2E0592BE1F9A3EEE00B2C4AB /* PBXContainerItemProxy */;
		};
		2E0592CA1F9A3EEE00B2C4AB /* PBXTargetDependency */ = {
			isa = PBXTargetDependency;
			target = 2E0592A81F9A3EEE00B2C4AB /* TestUsers */;
			targetProxy = 2E0592C91F9A3EEE00B2C4AB /* PBXContainerItemProxy */;
		};
/* End PBXTargetDependency section */

/* Begin PBXVariantGroup section */
		2E0592B01F9A3EEE00B2C4AB /* Main.storyboard */ = {
			isa = PBXVariantGroup;
			children = (
				2E0592B11F9A3EEE00B2C4AB /* Base */,
			);
			name = Main.storyboard;
			sourceTree = "<group>";
		};
		2E0592B51F9A3EEE00B2C4AB /* LaunchScreen.storyboard */ = {
			isa = PBXVariantGroup;
			children = (
				2E0592B61F9A3EEE00B2C4AB /* Base */,
			);
			name = LaunchScreen.storyboard;
			sourceTree = "<group>";
		};
/* End PBXVariantGroup section */

/* Begin XCBuildConfiguration section */
		2E0592CF1F9A3EEE00B2C4AB /* Debug */ = {
			isa = XCBuildConfiguration;
			buildSettings = {
				ALWAYS_SEARCH_USER_PATHS = NO;
				CLANG_ANALYZER_NONNULL = YES;
				CLANG_ANALYZER_NUMBER_OBJECT_CONVERSION = YES_AGGRESSIVE;
				CLANG_CXX_LANGUAGE_STANDARD = "gnu++14";
				CLANG_CXX_LIBRARY = "libc++";
				CLANG_ENABLE_MODULES = YES;
				CLANG_ENABLE_OBJC_ARC = YES;
				CLANG_WARN_BLOCK_CAPTURE_AUTORELEASING = YES;
				CLANG_WARN_BOOL_CONVERSION = YES;
				CLANG_WARN_COMMA = YES;
				CLANG_WARN_CONSTANT_CONVERSION = YES;
				CLANG_WARN_DIRECT_OBJC_ISA_USAGE = YES_ERROR;
				CLANG_WARN_DOCUMENTATION_COMMENTS = YES;
				CLANG_WARN_EMPTY_BODY = YES;
				CLANG_WARN_ENUM_CONVERSION = YES;
				CLANG_WARN_INFINITE_RECURSION = YES;
				CLANG_WARN_INT_CONVERSION = YES;
				CLANG_WARN_NON_LITERAL_NULL_CONVERSION = YES;
				CLANG_WARN_OBJC_LITERAL_CONVERSION = YES;
				CLANG_WARN_OBJC_ROOT_CLASS = YES_ERROR;
				CLANG_WARN_RANGE_LOOP_ANALYSIS = YES;
				CLANG_WARN_STRICT_PROTOTYPES = YES;
				CLANG_WARN_SUSPICIOUS_MOVE = YES;
				CLANG_WARN_UNGUARDED_AVAILABILITY = YES_AGGRESSIVE;
				CLANG_WARN_UNREACHABLE_CODE = YES;
				CLANG_WARN__DUPLICATE_METHOD_MATCH = YES;
				CODE_SIGN_IDENTITY = "iPhone Developer";
				COPY_PHASE_STRIP = NO;
				DEBUG_INFORMATION_FORMAT = dwarf;
				ENABLE_STRICT_OBJC_MSGSEND = YES;
				ENABLE_TESTABILITY = YES;
				GCC_C_LANGUAGE_STANDARD = gnu11;
				GCC_DYNAMIC_NO_PIC = NO;
				GCC_NO_COMMON_BLOCKS = YES;
				GCC_OPTIMIZATION_LEVEL = 0;
				GCC_PREPROCESSOR_DEFINITIONS = (
					"DEBUG=1",
					"$(inherited)",
				);
				GCC_WARN_64_TO_32_BIT_CONVERSION = YES;
				GCC_WARN_ABOUT_RETURN_TYPE = YES_ERROR;
				GCC_WARN_UNDECLARED_SELECTOR = YES;
				GCC_WARN_UNINITIALIZED_AUTOS = YES_AGGRESSIVE;
				GCC_WARN_UNUSED_FUNCTION = YES;
				GCC_WARN_UNUSED_VARIABLE = YES;
				IPHONEOS_DEPLOYMENT_TARGET = 11.0;
				MTL_ENABLE_DEBUG_INFO = YES;
				ONLY_ACTIVE_ARCH = YES;
				SDKROOT = iphoneos;
				SWIFT_ACTIVE_COMPILATION_CONDITIONS = DEBUG;
				SWIFT_OPTIMIZATION_LEVEL = "-Onone";
			};
			name = Debug;
		};
		2E0592D01F9A3EEE00B2C4AB /* Release */ = {
			isa = XCBuildConfiguration;
			buildSettings = {
				ALWAYS_SEARCH_USER_PATHS = NO;
				CLANG_ANALYZER_NONNULL = YES;
				CLANG_ANALYZER_NUMBER_OBJECT_CONVERSION = YES_AGGRESSIVE;
				CLANG_CXX_LANGUAGE_STANDARD = "gnu++14";
				CLANG_CXX_LIBRARY = "libc++";
				CLANG_ENABLE_MODULES = YES;
				CLANG_ENABLE_OBJC_ARC = YES;
				CLANG_WARN_BLOCK_CAPTURE_AUTORELEASING = YES;
				CLANG_WARN_BOOL_CONVERSION = YES;
				CLANG_WARN_COMMA = YES;
				CLANG_WARN_CONSTANT_CONVERSION = YES;
				CLANG_WARN_DIRECT_OBJC_ISA_USAGE = YES_ERROR;
				CLANG_WARN_DOCUMENTATION_COMMENTS = YES;
				CLANG_WARN_EMPTY_BODY = YES;
				CLANG_WARN_ENUM_CONVERSION = YES;
				CLANG_WARN_INFINITE_RECURSION = YES;
				CLANG_WARN_INT_CONVERSION = YES;
				CLANG_WARN_NON_LITERAL_NULL_CONVERSION = YES;
				CLANG_WARN_OBJC_LITERAL_CONVERSION = YES;
				CLANG_WARN_OBJC_ROOT_CLASS = YES_ERROR;
				CLANG_WARN_RANGE_LOOP_ANALYSIS = YES;
				CLANG_WARN_STRICT_PROTOTYPES = YES;
				CLANG_WARN_SUSPICIOUS_MOVE = YES;
				CLANG_WARN_UNGUARDED_AVAILABILITY = YES_AGGRESSIVE;
				CLANG_WARN_UNREACHABLE_CODE = YES;
				CLANG_WARN__DUPLICATE_METHOD_MATCH = YES;
				CODE_SIGN_IDENTITY = "iPhone Developer";
				COPY_PHASE_STRIP = NO;
				DEBUG_INFORMATION_FORMAT = "dwarf-with-dsym";
				ENABLE_NS_ASSERTIONS = NO;
				ENABLE_STRICT_OBJC_MSGSEND = YES;
				GCC_C_LANGUAGE_STANDARD = gnu11;
				GCC_NO_COMMON_BLOCKS = YES;
				GCC_WARN_64_TO_32_BIT_CONVERSION = YES;
				GCC_WARN_ABOUT_RETURN_TYPE = YES_ERROR;
				GCC_WARN_UNDECLARED_SELECTOR = YES;
				GCC_WARN_UNINITIALIZED_AUTOS = YES_AGGRESSIVE;
				GCC_WARN_UNUSED_FUNCTION = YES;
				GCC_WARN_UNUSED_VARIABLE = YES;
				IPHONEOS_DEPLOYMENT_TARGET = 11.0;
				MTL_ENABLE_DEBUG_INFO = NO;
				SDKROOT = iphoneos;
				SWIFT_OPTIMIZATION_LEVEL = "-Owholemodule";
				VALIDATE_PRODUCT = YES;
			};
			name = Release;
		};
		2E0592D21F9A3EEE00B2C4AB /* Debug */ = {
			isa = XCBuildConfiguration;
			buildSettings = {
				ASSETCATALOG_COMPILER_APPICON_NAME = AppIcon;
				CODE_SIGN_STYLE = Automatic;
				DEVELOPMENT_TEAM = L59K5M257Z;
				INFOPLIST_FILE = TestUsers/Info.plist;
				LD_RUNPATH_SEARCH_PATHS = "$(inherited) @executable_path/Frameworks";
				PRODUCT_BUNDLE_IDENTIFIER = georgiana.TestUsers;
				PRODUCT_NAME = "$(TARGET_NAME)";
				SWIFT_VERSION = 4.0;
				TARGETED_DEVICE_FAMILY = "1,2";
			};
			name = Debug;
		};
		2E0592D31F9A3EEE00B2C4AB /* Release */ = {
			isa = XCBuildConfiguration;
			buildSettings = {
				ASSETCATALOG_COMPILER_APPICON_NAME = AppIcon;
				CODE_SIGN_STYLE = Automatic;
				DEVELOPMENT_TEAM = L59K5M257Z;
				INFOPLIST_FILE = TestUsers/Info.plist;
				LD_RUNPATH_SEARCH_PATHS = "$(inherited) @executable_path/Frameworks";
				PRODUCT_BUNDLE_IDENTIFIER = georgiana.TestUsers;
				PRODUCT_NAME = "$(TARGET_NAME)";
				SWIFT_VERSION = 4.0;
				TARGETED_DEVICE_FAMILY = "1,2";
			};
			name = Release;
		};
		2E0592D51F9A3EEE00B2C4AB /* Debug */ = {
			isa = XCBuildConfiguration;
			buildSettings = {
				ALWAYS_EMBED_SWIFT_STANDARD_LIBRARIES = YES;
				BUNDLE_LOADER = "$(TEST_HOST)";
				CODE_SIGN_STYLE = Automatic;
				INFOPLIST_FILE = TestUsersTests/Info.plist;
				LD_RUNPATH_SEARCH_PATHS = "$(inherited) @executable_path/Frameworks @loader_path/Frameworks";
				PRODUCT_BUNDLE_IDENTIFIER = georgiana.TestUsersTests;
				PRODUCT_NAME = "$(TARGET_NAME)";
				SWIFT_VERSION = 4.0;
				TARGETED_DEVICE_FAMILY = "1,2";
				TEST_HOST = "$(BUILT_PRODUCTS_DIR)/TestUsers.app/TestUsers";
			};
			name = Debug;
		};
		2E0592D61F9A3EEE00B2C4AB /* Release */ = {
			isa = XCBuildConfiguration;
			buildSettings = {
				ALWAYS_EMBED_SWIFT_STANDARD_LIBRARIES = YES;
				BUNDLE_LOADER = "$(TEST_HOST)";
				CODE_SIGN_STYLE = Automatic;
				INFOPLIST_FILE = TestUsersTests/Info.plist;
				LD_RUNPATH_SEARCH_PATHS = "$(inherited) @executable_path/Frameworks @loader_path/Frameworks";
				PRODUCT_BUNDLE_IDENTIFIER = georgiana.TestUsersTests;
				PRODUCT_NAME = "$(TARGET_NAME)";
				SWIFT_VERSION = 4.0;
				TARGETED_DEVICE_FAMILY = "1,2";
				TEST_HOST = "$(BUILT_PRODUCTS_DIR)/TestUsers.app/TestUsers";
			};
			name = Release;
		};
		2E0592D81F9A3EEE00B2C4AB /* Debug */ = {
			isa = XCBuildConfiguration;
			buildSettings = {
				ALWAYS_EMBED_SWIFT_STANDARD_LIBRARIES = YES;
				CODE_SIGN_STYLE = Automatic;
				INFOPLIST_FILE = TestUsersUITests/Info.plist;
				LD_RUNPATH_SEARCH_PATHS = "$(inherited) @executable_path/Frameworks @loader_path/Frameworks";
				PRODUCT_BUNDLE_IDENTIFIER = georgiana.TestUsersUITests;
				PRODUCT_NAME = "$(TARGET_NAME)";
				SWIFT_VERSION = 4.0;
				TARGETED_DEVICE_FAMILY = "1,2";
				TEST_TARGET_NAME = TestUsers;
			};
			name = Debug;
		};
		2E0592D91F9A3EEE00B2C4AB /* Release */ = {
			isa = XCBuildConfiguration;
			buildSettings = {
				ALWAYS_EMBED_SWIFT_STANDARD_LIBRARIES = YES;
				CODE_SIGN_STYLE = Automatic;
				INFOPLIST_FILE = TestUsersUITests/Info.plist;
				LD_RUNPATH_SEARCH_PATHS = "$(inherited) @executable_path/Frameworks @loader_path/Frameworks";
				PRODUCT_BUNDLE_IDENTIFIER = georgiana.TestUsersUITests;
				PRODUCT_NAME = "$(TARGET_NAME)";
				SWIFT_VERSION = 4.0;
				TARGETED_DEVICE_FAMILY = "1,2";
				TEST_TARGET_NAME = TestUsers;
			};
			name = Release;
		};
/* End XCBuildConfiguration section */

/* Begin XCConfigurationList section */
		2E0592A41F9A3EEE00B2C4AB /* Build configuration list for PBXProject "TestUsers" */ = {
			isa = XCConfigurationList;
			buildConfigurations = (
				2E0592CF1F9A3EEE00B2C4AB /* Debug */,
				2E0592D01F9A3EEE00B2C4AB /* Release */,
			);
			defaultConfigurationIsVisible = 0;
			defaultConfigurationName = Release;
		};
		2E0592D11F9A3EEE00B2C4AB /* Build configuration list for PBXNativeTarget "TestUsers" */ = {
			isa = XCConfigurationList;
			buildConfigurations = (
				2E0592D21F9A3EEE00B2C4AB /* Debug */,
				2E0592D31F9A3EEE00B2C4AB /* Release */,
			);
			defaultConfigurationIsVisible = 0;
			defaultConfigurationName = Release;
		};
		2E0592D41F9A3EEE00B2C4AB /* Build configuration list for PBXNativeTarget "TestUsersTests" */ = {
			isa = XCConfigurationList;
			buildConfigurations = (
				2E0592D51F9A3EEE00B2C4AB /* Debug */,
				2E0592D61F9A3EEE00B2C4AB /* Release */,
			);
			defaultConfigurationIsVisible = 0;
			defaultConfigurationName = Release;
		};
		2E0592D71F9A3EEE00B2C4AB /* Build configuration list for PBXNativeTarget "TestUsersUITests" */ = {
			isa = XCConfigurationList;
			buildConfigurations = (
				2E0592D81F9A3EEE00B2C4AB /* Debug */,
				2E0592D91F9A3EEE00B2C4AB /* Release */,
			);
			defaultConfigurationIsVisible = 0;
			defaultConfigurationName = Release;
		};
/* End XCConfigurationList section */
	};
	rootObject = 2E0592A11F9A3EEE00B2C4AB /* Project object */;
}
